
Microsoft Visual Studio Solution File, Format Version 11.00
# Visual Studio 2010
Project("{FAE04EC0-301F-11D3-BF4B-00C04F79EFBC}") = "Archaius.Net", "Archaius.Net\Archaius.Net.csproj", "{7E43EFE1-8314-4B35-B297-E77B10CD10C7}"
EndProject
Project("{FAE04EC0-301F-11D3-BF4B-00C04F79EFBC}") = "Archaius.Net.Tests", "Archaius.Net.Tests\Archaius.Net.Tests.csproj", "{2B18D86B-E24B-48B7-98F9-E05332665490}"
EndProject
Global
	GlobalSection(SolutionConfigurationPlatforms) = preSolution
		Debug|Any CPU = Debug|Any CPU
		Release|Any CPU = Release|Any CPU
	EndGlobalSection
	GlobalSection(ProjectConfigurationPlatforms) = postSolution
		{7E43EFE1-8314-4B35-B297-E77B10CD10C7}.Debug|Any CPU.ActiveCfg = Debug|Any CPU
		{7E43EFE1-8314-4B35-B297-E77B10CD10C7}.Debug|Any CPU.Build.0 = Debug|Any CPU
		{7E43EFE1-8314-4B35-B297-E77B10CD10C7}.Release|Any CPU.ActiveCfg = Release|Any CPU
		{7E43EFE1-8314-4B35-B297-E77B10CD10C7}.Release|Any CPU.Build.0 = Release|Any CPU
		{2B18D86B-E24B-48B7-98F9-E05332665490}.Debug|Any CPU.ActiveCfg = Debug|Any CPU
		{2B18D86B-E24B-48B7-98F9-E05332665490}.Debug|Any CPU.Build.0 = Debug|Any CPU
		{2B18D86B-E24B-48B7-98F9-E05332665490}.Release|Any CPU.ActiveCfg = Release|Any CPU
		{2B18D86B-E24B-48B7-98F9-E05332665490}.Release|Any CPU.Build.0 = Release|Any CPU
	EndGlobalSection
	GlobalSection(SolutionProperties) = preSolution
		HideSolutionNode = FALSE
	EndGlobalSection
EndGlobal
